# THIS IS AN AUTOGENERATED FILE. DO NOT EDIT THIS FILE DIRECTLY.
# yarn lockfile v1


knowledgeworker-embedded-asset-api-ui@^1.0.0:
  version "1.0.0"
  resolved "https://registry.yarnpkg.com/knowledgeworker-embedded-asset-api-ui/-/knowledgeworker-embedded-asset-api-ui-1.0.0.tgz#b18b4a05b54bead6aa291e949079b0d87b92dda3"
  integrity sha512-2ScgOxK7AkmUJDsi/tX/MDItXRsJEdad2BuKOCr22jX4F+l+Y0cTrnQfRHO/yUFW+8FjwDjYIF6h7k3srPBAbA==

typescript@^4.7.2:
  version "4.7.2"
  resolved "https://registry.yarnpkg.com/typescript/-/typescript-4.7.2.tgz#1f9aa2ceb9af87cca227813b4310fff0b51593c4"
  integrity sha512-Mamb1iX2FDUpcTRzltPxgWMKy3fhg0TN378ylbktPGPK/99KbDtMQ4W1hwgsbPAsG3a0xKa1vmw4VKZQbkvz5A==
